
Microsoft Visual Studio Solution File, Format Version 12.00
# Visual Studio Version 17
VisualStudioVersion = 17.3.32804.467
MinimumVisualStudioVersion = 10.0.40219.1
Project("{FAE04EC0-301F-11D3-BF4B-00C04F79EFBC}") = "BL", "BL\BL.csproj", "{E7C15690-FBE4-434D-89B4-DA155273F2C6}"
EndProject
Project("{FAE04EC0-301F-11D3-BF4B-00C04F79EFBC}") = "ML", "ML\ML.csproj", "{39E7F885-22CE-4524-86E4-9759FA22DD00}"
EndProject
Project("{FAE04EC0-301F-11D3-BF4B-00C04F79EFBC}") = "DL", "DL\DL.csproj", "{C3BD086D-A8A4-4E8C-9511-34FE9B52AF7E}"
EndProject
Project("{FAE04EC0-301F-11D3-BF4B-00C04F79EFBC}") = "PL", "PL\PL.csproj", "{3B8E932E-67DE-41D3-BE92-FC9A7F8193DC}"
EndProject
Global
	GlobalSection(SolutionConfigurationPlatforms) = preSolution
		Debug|Any CPU = Debug|Any CPU
		Release|Any CPU = Release|Any CPU
	EndGlobalSection
	GlobalSection(ProjectConfigurationPlatforms) = postSolution
		{E7C15690-FBE4-434D-89B4-DA155273F2C6}.Debug|Any CPU.ActiveCfg = Debug|Any CPU
		{E7C15690-FBE4-434D-89B4-DA155273F2C6}.Debug|Any CPU.Build.0 = Debug|Any CPU
		{E7C15690-FBE4-434D-89B4-DA155273F2C6}.Release|Any CPU.ActiveCfg = Release|Any CPU
		{E7C15690-FBE4-434D-89B4-DA155273F2C6}.Release|Any CPU.Build.0 = Release|Any CPU
		{39E7F885-22CE-4524-86E4-9759FA22DD00}.Debug|Any CPU.ActiveCfg = Debug|Any CPU
		{39E7F885-22CE-4524-86E4-9759FA22DD00}.Debug|Any CPU.Build.0 = Debug|Any CPU
		{39E7F885-22CE-4524-86E4-9759FA22DD00}.Release|Any CPU.ActiveCfg = Release|Any CPU
		{39E7F885-22CE-4524-86E4-9759FA22DD00}.Release|Any CPU.Build.0 = Release|Any CPU
		{C3BD086D-A8A4-4E8C-9511-34FE9B52AF7E}.Debug|Any CPU.ActiveCfg = Debug|Any CPU
		{C3BD086D-A8A4-4E8C-9511-34FE9B52AF7E}.Debug|Any CPU.Build.0 = Debug|Any CPU
		{C3BD086D-A8A4-4E8C-9511-34FE9B52AF7E}.Release|Any CPU.ActiveCfg = Release|Any CPU
		{C3BD086D-A8A4-4E8C-9511-34FE9B52AF7E}.Release|Any CPU.Build.0 = Release|Any CPU
		{3B8E932E-67DE-41D3-BE92-FC9A7F8193DC}.Debug|Any CPU.ActiveCfg = Debug|Any CPU
		{3B8E932E-67DE-41D3-BE92-FC9A7F8193DC}.Debug|Any CPU.Build.0 = Debug|Any CPU
		{3B8E932E-67DE-41D3-BE92-FC9A7F8193DC}.Release|Any CPU.ActiveCfg = Release|Any CPU
		{3B8E932E-67DE-41D3-BE92-FC9A7F8193DC}.Release|Any CPU.Build.0 = Release|Any CPU
	EndGlobalSection
	GlobalSection(SolutionProperties) = preSolution
		HideSolutionNode = FALSE
	EndGlobalSection
	GlobalSection(ExtensibilityGlobals) = postSolution
		SolutionGuid = {D123B5F2-02B1-415C-98FC-B4C60F4A075D}
	EndGlobalSection
EndGlobal
